
Microsoft Visual Studio Solution File, Format Version 12.00
# Visual Studio Version 16
VisualStudioVersion = 16.0.34407.143
MinimumVisualStudioVersion = 10.0.40219.1
Project("{FAE04EC0-301F-11D3-BF4B-00C04F79EFBC}") = "MesajKutusu", "MesajKutusu\MesajKutusu.csproj", "{18B0CC89-E16F-4C2F-9F19-4AFB0FD4798C}"
EndProject
Global
	GlobalSection(SolutionConfigurationPlatforms) = preSolution
		Debug|Any CPU = Debug|Any CPU
		Release|Any CPU = Release|Any CPU
	EndGlobalSection
	GlobalSection(ProjectConfigurationPlatforms) = postSolution
		{18B0CC89-E16F-4C2F-9F19-4AFB0FD4798C}.Debug|Any CPU.ActiveCfg = Debug|Any CPU
		{18B0CC89-E16F-4C2F-9F19-4AFB0FD4798C}.Debug|Any CPU.Build.0 = Debug|Any CPU
		{18B0CC89-E16F-4C2F-9F19-4AFB0FD4798C}.Release|Any CPU.ActiveCfg = Release|Any CPU
		{18B0CC89-E16F-4C2F-9F19-4AFB0FD4798C}.Release|Any CPU.Build.0 = Release|Any CPU
	EndGlobalSection
	GlobalSection(SolutionProperties) = preSolution
		HideSolutionNode = FALSE
	EndGlobalSection
	GlobalSection(ExtensibilityGlobals) = postSolution
		SolutionGuid = {7D317DFE-12FD-4B71-BDCE-22FDE06D76CE}
	EndGlobalSection
EndGlobal
